
Microsoft Visual Studio Solution File, Format Version 12.00
# Visual Studio Version 16
VisualStudioVersion = 16.0.29326.143
MinimumVisualStudioVersion = 10.0.40219.1
Project("{FAE04EC0-301F-11D3-BF4B-00C04F79EFBC}") = "ChaosHandler", "ChaosHandler.csproj", "{1EF3A21B-B4BF-4CB7-9E3D-F0D494A50E8A}"
EndProject
Global
	GlobalSection(SolutionConfigurationPlatforms) = preSolution
		Debug|Any CPU = Debug|Any CPU
		Release|Any CPU = Release|Any CPU
	EndGlobalSection
	GlobalSection(ProjectConfigurationPlatforms) = postSolution
		{1EF3A21B-B4BF-4CB7-9E3D-F0D494A50E8A}.Debug|Any CPU.ActiveCfg = Debug|Any CPU
		{1EF3A21B-B4BF-4CB7-9E3D-F0D494A50E8A}.Debug|Any CPU.Build.0 = Debug|Any CPU
		{1EF3A21B-B4BF-4CB7-9E3D-F0D494A50E8A}.Release|Any CPU.ActiveCfg = Release|Any CPU
		{1EF3A21B-B4BF-4CB7-9E3D-F0D494A50E8A}.Release|Any CPU.Build.0 = Release|Any CPU
	EndGlobalSection
	GlobalSection(SolutionProperties) = preSolution
		HideSolutionNode = FALSE
	EndGlobalSection
	GlobalSection(ExtensibilityGlobals) = postSolution
		SolutionGuid = {E02B964F-49B9-4C76-915B-503E49408E43}
	EndGlobalSection
EndGlobal
